
Microsoft Visual Studio Solution File, Format Version 12.00
# Visual Studio Version 17
VisualStudioVersion = 17.0.32014.148
MinimumVisualStudioVersion = 10.0.40219.1
Project("{FAE04EC0-301F-11D3-BF4B-00C04F79EFBC}") = "ListaDoblementeEnlazada", "ListaDoblementeEnlazada\ListaDoblementeEnlazada.csproj", "{15E4953F-0319-4DC1-931C-5B3A8989E831}"
EndProject
Global
	GlobalSection(SolutionConfigurationPlatforms) = preSolution
		Debug|Any CPU = Debug|Any CPU
		Release|Any CPU = Release|Any CPU
	EndGlobalSection
	GlobalSection(ProjectConfigurationPlatforms) = postSolution
		{15E4953F-0319-4DC1-931C-5B3A8989E831}.Debug|Any CPU.ActiveCfg = Debug|Any CPU
		{15E4953F-0319-4DC1-931C-5B3A8989E831}.Debug|Any CPU.Build.0 = Debug|Any CPU
		{15E4953F-0319-4DC1-931C-5B3A8989E831}.Release|Any CPU.ActiveCfg = Release|Any CPU
		{15E4953F-0319-4DC1-931C-5B3A8989E831}.Release|Any CPU.Build.0 = Release|Any CPU
	EndGlobalSection
	GlobalSection(SolutionProperties) = preSolution
		HideSolutionNode = FALSE
	EndGlobalSection
	GlobalSection(ExtensibilityGlobals) = postSolution
		SolutionGuid = {A439A1BE-764C-4B36-9937-119C80E8EE98}
	EndGlobalSection
EndGlobal
